
Microsoft Visual Studio Solution File, Format Version 12.00
Project("{FAE04EC0-301F-11D3-BF4B-00C04F79EFBC}") = "InMemoryApp.WebAPI", "InMemoryApp.WebAPI\InMemoryApp.WebAPI.csproj", "{EE3DCDC6-32E0-481C-8FE0-4627BF905B29}"
EndProject
Project("{FAE04EC0-301F-11D3-BF4B-00C04F79EFBC}") = "IDistributedICacheRedisApp.WebAPI", "IDistributedICacheRedisApp.WebAPI\IDistributedICacheRedisApp.WebAPI.csproj", "{0BAE28ED-AAF5-4FFB-91BD-7ACD7C6A4A34}"
EndProject
Project("{FAE04EC0-301F-11D3-BF4B-00C04F79EFBC}") = "RedisExchangeAPI.WebAPI", "RedisExchangeAPI.WebAPI\RedisExchangeAPI.WebAPI.csproj", "{DD4BF88F-91AA-404E-B2EF-E64BA72ED7D7}"
EndProject
Global
	GlobalSection(SolutionConfigurationPlatforms) = preSolution
		Debug|Any CPU = Debug|Any CPU
		Release|Any CPU = Release|Any CPU
	EndGlobalSection
	GlobalSection(ProjectConfigurationPlatforms) = postSolution
		{EE3DCDC6-32E0-481C-8FE0-4627BF905B29}.Debug|Any CPU.ActiveCfg = Debug|Any CPU
		{EE3DCDC6-32E0-481C-8FE0-4627BF905B29}.Debug|Any CPU.Build.0 = Debug|Any CPU
		{EE3DCDC6-32E0-481C-8FE0-4627BF905B29}.Release|Any CPU.ActiveCfg = Release|Any CPU
		{EE3DCDC6-32E0-481C-8FE0-4627BF905B29}.Release|Any CPU.Build.0 = Release|Any CPU
		{0BAE28ED-AAF5-4FFB-91BD-7ACD7C6A4A34}.Debug|Any CPU.ActiveCfg = Debug|Any CPU
		{0BAE28ED-AAF5-4FFB-91BD-7ACD7C6A4A34}.Debug|Any CPU.Build.0 = Debug|Any CPU
		{0BAE28ED-AAF5-4FFB-91BD-7ACD7C6A4A34}.Release|Any CPU.ActiveCfg = Release|Any CPU
		{0BAE28ED-AAF5-4FFB-91BD-7ACD7C6A4A34}.Release|Any CPU.Build.0 = Release|Any CPU
		{DD4BF88F-91AA-404E-B2EF-E64BA72ED7D7}.Debug|Any CPU.ActiveCfg = Debug|Any CPU
		{DD4BF88F-91AA-404E-B2EF-E64BA72ED7D7}.Debug|Any CPU.Build.0 = Debug|Any CPU
		{DD4BF88F-91AA-404E-B2EF-E64BA72ED7D7}.Release|Any CPU.ActiveCfg = Release|Any CPU
		{DD4BF88F-91AA-404E-B2EF-E64BA72ED7D7}.Release|Any CPU.Build.0 = Release|Any CPU
	EndGlobalSection
EndGlobal
